
Microsoft Visual Studio Solution File, Format Version 12.00
# Visual Studio Version 17
VisualStudioVersion = 17.10.35013.160
MinimumVisualStudioVersion = 10.0.40219.1
Project("{9A19103F-16F7-4668-BE54-9A1E7A4F7556}") = "FF.Api", "FF.Api\FF.Api.csproj", "{5DA88144-85F8-44F6-93E3-9F8474F862BB}"
EndProject
Project("{9A19103F-16F7-4668-BE54-9A1E7A4F7556}") = "FF.Backend", "FF.Backend\FF.Backend.csproj", "{B20C8135-EBD9-4D11-9BA5-FF75BF00D19C}"
EndProject
Project("{9A19103F-16F7-4668-BE54-9A1E7A4F7556}") = "FF.Sleeper", "FF.Sleeper\FF.Sleeper.csproj", "{4728AB7F-A6B7-4427-9634-9D6FCC2BE16C}"
EndProject
Global
	GlobalSection(SolutionConfigurationPlatforms) = preSolution
		Debug|Any CPU = Debug|Any CPU
		Release|Any CPU = Release|Any CPU
	EndGlobalSection
	GlobalSection(ProjectConfigurationPlatforms) = postSolution
		{5DA88144-85F8-44F6-93E3-9F8474F862BB}.Debug|Any CPU.ActiveCfg = Debug|Any CPU
		{5DA88144-85F8-44F6-93E3-9F8474F862BB}.Debug|Any CPU.Build.0 = Debug|Any CPU
		{5DA88144-85F8-44F6-93E3-9F8474F862BB}.Release|Any CPU.ActiveCfg = Release|Any CPU
		{5DA88144-85F8-44F6-93E3-9F8474F862BB}.Release|Any CPU.Build.0 = Release|Any CPU
		{B20C8135-EBD9-4D11-9BA5-FF75BF00D19C}.Debug|Any CPU.ActiveCfg = Debug|Any CPU
		{B20C8135-EBD9-4D11-9BA5-FF75BF00D19C}.Debug|Any CPU.Build.0 = Debug|Any CPU
		{B20C8135-EBD9-4D11-9BA5-FF75BF00D19C}.Release|Any CPU.ActiveCfg = Release|Any CPU
		{B20C8135-EBD9-4D11-9BA5-FF75BF00D19C}.Release|Any CPU.Build.0 = Release|Any CPU
		{4728AB7F-A6B7-4427-9634-9D6FCC2BE16C}.Debug|Any CPU.ActiveCfg = Debug|Any CPU
		{4728AB7F-A6B7-4427-9634-9D6FCC2BE16C}.Debug|Any CPU.Build.0 = Debug|Any CPU
		{4728AB7F-A6B7-4427-9634-9D6FCC2BE16C}.Release|Any CPU.ActiveCfg = Release|Any CPU
		{4728AB7F-A6B7-4427-9634-9D6FCC2BE16C}.Release|Any CPU.Build.0 = Release|Any CPU
	EndGlobalSection
	GlobalSection(SolutionProperties) = preSolution
		HideSolutionNode = FALSE
	EndGlobalSection
	GlobalSection(ExtensibilityGlobals) = postSolution
		SolutionGuid = {F0BE30C3-A06A-48FA-B44B-83E75A32C0F4}
	EndGlobalSection
EndGlobal
